
Microsoft Visual Studio Solution File, Format Version 12.00
# Visual Studio 15
VisualStudioVersion = 15.0.27130.2020
MinimumVisualStudioVersion = 10.0.40219.1
Project("{FAE04EC0-301F-11D3-BF4B-00C04F79EFBC}") = "WebApplication1", "WebApplication1\WebApplication1.csproj", "{876B8CDD-1A4F-4863-B35E-CF8F2D5F28F7}"
EndProject
Project("{FAE04EC0-301F-11D3-BF4B-00C04F79EFBC}") = "WebApplication2", "WebApplication2\WebApplication2.csproj", "{99167DF1-DDDD-4888-8471-05B8A6D805B1}"
EndProject
Project("{FAE04EC0-301F-11D3-BF4B-00C04F79EFBC}") = "WebApplication3", "WebApplication3\WebApplication3.csproj", "{BFDD8C57-B126-402C-87D7-42092E6A1085}"
EndProject
Global
	GlobalSection(SolutionConfigurationPlatforms) = preSolution
		Debug|Any CPU = Debug|Any CPU
		Release|Any CPU = Release|Any CPU
	EndGlobalSection
	GlobalSection(ProjectConfigurationPlatforms) = postSolution
		{876B8CDD-1A4F-4863-B35E-CF8F2D5F28F7}.Debug|Any CPU.ActiveCfg = Debug|Any CPU
		{876B8CDD-1A4F-4863-B35E-CF8F2D5F28F7}.Debug|Any CPU.Build.0 = Debug|Any CPU
		{876B8CDD-1A4F-4863-B35E-CF8F2D5F28F7}.Release|Any CPU.ActiveCfg = Release|Any CPU
		{876B8CDD-1A4F-4863-B35E-CF8F2D5F28F7}.Release|Any CPU.Build.0 = Release|Any CPU
		{99167DF1-DDDD-4888-8471-05B8A6D805B1}.Debug|Any CPU.ActiveCfg = Debug|Any CPU
		{99167DF1-DDDD-4888-8471-05B8A6D805B1}.Debug|Any CPU.Build.0 = Debug|Any CPU
		{99167DF1-DDDD-4888-8471-05B8A6D805B1}.Release|Any CPU.ActiveCfg = Release|Any CPU
		{99167DF1-DDDD-4888-8471-05B8A6D805B1}.Release|Any CPU.Build.0 = Release|Any CPU
		{BFDD8C57-B126-402C-87D7-42092E6A1085}.Debug|Any CPU.ActiveCfg = Debug|Any CPU
		{BFDD8C57-B126-402C-87D7-42092E6A1085}.Debug|Any CPU.Build.0 = Debug|Any CPU
		{BFDD8C57-B126-402C-87D7-42092E6A1085}.Release|Any CPU.ActiveCfg = Release|Any CPU
		{BFDD8C57-B126-402C-87D7-42092E6A1085}.Release|Any CPU.Build.0 = Release|Any CPU
	EndGlobalSection
	GlobalSection(SolutionProperties) = preSolution
		HideSolutionNode = FALSE
	EndGlobalSection
	GlobalSection(ExtensibilityGlobals) = postSolution
		SolutionGuid = {55563545-A138-4380-B60F-BF08AC5EE244}
	EndGlobalSection
EndGlobal
